
Microsoft Visual Studio Solution File, Format Version 12.00
# Visual Studio Version 17
VisualStudioVersion = 17.9.34723.18
MinimumVisualStudioVersion = 10.0.40219.1
Project("{FAE04EC0-301F-11D3-BF4B-00C04F79EFBC}") = "TestProject", "TestProject\TestProject.csproj", "{65AC4E04-6676-4CAB-BD72-956C53FA9BCE}"
EndProject
Project("{FAE04EC0-301F-11D3-BF4B-00C04F79EFBC}") = "BaseProject", "BaseProject\BaseProject.csproj", "{2961CF4B-A2F5-4241-BAB8-7BED44AA20F9}"
EndProject
Global
	GlobalSection(SolutionConfigurationPlatforms) = preSolution
		Debug|Any CPU = Debug|Any CPU
		Release|Any CPU = Release|Any CPU
	EndGlobalSection
	GlobalSection(ProjectConfigurationPlatforms) = postSolution
		{65AC4E04-6676-4CAB-BD72-956C53FA9BCE}.Debug|Any CPU.ActiveCfg = Debug|Any CPU
		{65AC4E04-6676-4CAB-BD72-956C53FA9BCE}.Debug|Any CPU.Build.0 = Debug|Any CPU
		{65AC4E04-6676-4CAB-BD72-956C53FA9BCE}.Release|Any CPU.ActiveCfg = Release|Any CPU
		{65AC4E04-6676-4CAB-BD72-956C53FA9BCE}.Release|Any CPU.Build.0 = Release|Any CPU
		{2961CF4B-A2F5-4241-BAB8-7BED44AA20F9}.Debug|Any CPU.ActiveCfg = Debug|Any CPU
		{2961CF4B-A2F5-4241-BAB8-7BED44AA20F9}.Debug|Any CPU.Build.0 = Debug|Any CPU
		{2961CF4B-A2F5-4241-BAB8-7BED44AA20F9}.Release|Any CPU.ActiveCfg = Release|Any CPU
		{2961CF4B-A2F5-4241-BAB8-7BED44AA20F9}.Release|Any CPU.Build.0 = Release|Any CPU
	EndGlobalSection
	GlobalSection(SolutionProperties) = preSolution
		HideSolutionNode = FALSE
	EndGlobalSection
	GlobalSection(ExtensibilityGlobals) = postSolution
		SolutionGuid = {BEAFB41F-392B-48EF-801E-B5D9E1FF3B51}
	EndGlobalSection
EndGlobal
